Microsoft Visual Studio Solution File, Format Version 12.00
# Visual Studio Version 17
VisualStudioVersion = 17.6.33723.286
MinimumVisualStudioVersion = 10.0.40219.1
Project("{FAE04EC0-301F-11D3-BF4B-00C04F79EFBC}") = "TVPropaganda", "TVPropaganda\TVPropaganda.csproj", "{8B627F57-2F13-435B-A94D-941CF8B5E1D6}"
EndProject
Global
	GlobalSection(SolutionConfigurationPlatforms) = preSolution
		Debug|Any CPU = Debug|Any CPU
		Release|Any CPU = Release|Any CPU
	EndGlobalSection
	GlobalSection(ProjectConfigurationPlatforms) = postSolution
		{8B627F57-2F13-435B-A94D-941CF8B5E1D6}.Debug|Any CPU.ActiveCfg = Debug|Any CPU
		{8B627F57-2F13-435B-A94D-941CF8B5E1D6}.Debug|Any CPU.Build.0 = Debug|Any CPU
		{8B627F57-2F13-435B-A94D-941CF8B5E1D6}.Release|Any CPU.ActiveCfg = Release|Any CPU
		{8B627F57-2F13-435B-A94D-941CF8B5E1D6}.Release|Any CPU.Build.0 = Release|Any CPU
	EndGlobalSection
	GlobalSection(SolutionProperties) = preSolution
		HideSolutionNode = FALSE
	EndGlobalSection
	GlobalSection(ExtensibilityGlobals) = postSolution
		SolutionGuid = {de3bca74-7880-4825-b79a-ed3f7e9a1868}
	EndGlobalSection
EndGlobal
